
Microsoft Visual Studio Solution File, Format Version 12.00
# Visual Studio 2012
Project("{F088123C-0E9E-452A-89E6-6BA2F21D5CAC}") = "QQ建模项目", "QQ建模项目\QQ建模项目.modelproj", "{1BFE4CE9-AE34-4A9E-B3E0-1F212BF6F9B3}"
EndProject
Global
	GlobalSection(SolutionConfigurationPlatforms) = preSolution
		Debug|Any CPU = Debug|Any CPU
		Release|Any CPU = Release|Any CPU
	EndGlobalSection
	GlobalSection(ProjectConfigurationPlatforms) = postSolution
		{1BFE4CE9-AE34-4A9E-B3E0-1F212BF6F9B3}.Debug|Any CPU.ActiveCfg = Debug|Any CPU
		{1BFE4CE9-AE34-4A9E-B3E0-1F212BF6F9B3}.Debug|Any CPU.Build.0 = Debug|Any CPU
		{1BFE4CE9-AE34-4A9E-B3E0-1F212BF6F9B3}.Release|Any CPU.ActiveCfg = Release|Any CPU
		{1BFE4CE9-AE34-4A9E-B3E0-1F212BF6F9B3}.Release|Any CPU.Build.0 = Release|Any CPU
	EndGlobalSection
	GlobalSection(SolutionProperties) = preSolution
		HideSolutionNode = FALSE
	EndGlobalSection
EndGlobal
